
Microsoft Visual Studio Solution File, Format Version 12.00
# Visual Studio Version 16
VisualStudioVersion = 16.0.29609.76
MinimumVisualStudioVersion = 10.0.40219.1
Project("{FAE04EC0-301F-11D3-BF4B-00C04F79EFBC}") = "Mars.Rover", "Mars.Rover.csproj", "{0CE00084-9C8F-4369-A828-0EBF2C3F113B}"
EndProject
Project("{2150E333-8FDC-42A3-9474-1A3956D46DE8}") = "services", "services", "{30C8BE17-C40C-4494-8837-7423F15A1498}"
EndProject
Project("{2150E333-8FDC-42A3-9474-1A3956D46DE8}") = "domain", "domain", "{F59ED47F-203D-4756-9441-617DF6CEB6BA}"
EndProject
Project("{2150E333-8FDC-42A3-9474-1A3956D46DE8}") = "test", "test", "{207DE244-2100-4FB7-A336-1FBC24A824FA}"
EndProject
Project("{2150E333-8FDC-42A3-9474-1A3956D46DE8}") = "src", "src", "{B4EBC77F-A6E3-4382-9467-9BACF550C0CC}"
EndProject
Global
	GlobalSection(SolutionConfigurationPlatforms) = preSolution
		Debug|Any CPU = Debug|Any CPU
		Release|Any CPU = Release|Any CPU
	EndGlobalSection
	GlobalSection(ProjectConfigurationPlatforms) = postSolution
		{0CE00084-9C8F-4369-A828-0EBF2C3F113B}.Debug|Any CPU.ActiveCfg = Debug|Any CPU
		{0CE00084-9C8F-4369-A828-0EBF2C3F113B}.Debug|Any CPU.Build.0 = Debug|Any CPU
		{0CE00084-9C8F-4369-A828-0EBF2C3F113B}.Release|Any CPU.ActiveCfg = Release|Any CPU
		{0CE00084-9C8F-4369-A828-0EBF2C3F113B}.Release|Any CPU.Build.0 = Release|Any CPU
	EndGlobalSection
	GlobalSection(SolutionProperties) = preSolution
		HideSolutionNode = FALSE
	EndGlobalSection
	GlobalSection(NestedProjects) = preSolution
		{0CE00084-9C8F-4369-A828-0EBF2C3F113B} = {30C8BE17-C40C-4494-8837-7423F15A1498}
		{30C8BE17-C40C-4494-8837-7423F15A1498} = {B4EBC77F-A6E3-4382-9467-9BACF550C0CC}
		{F59ED47F-203D-4756-9441-617DF6CEB6BA} = {B4EBC77F-A6E3-4382-9467-9BACF550C0CC}
	EndGlobalSection
	GlobalSection(ExtensibilityGlobals) = postSolution
		SolutionGuid = {F633478E-9ED0-46BE-8D89-C82D20F7250B}
	EndGlobalSection
EndGlobal
